// !$*UTF8*$!
{
	archiveVersion = 1;
	classes = {
	};
	objectVersion = 47;
	objects = {

/* Begin PBXBuildFile section */
		CCF93F5423DC2B8100D5604A /* main.c in Sources */ = {isa = PBXBuildFile; fileRef = CCF93F5323DC2B8100D5604A /* main.c */; };
/* End PBXBuildFile section */

/* Begin PBXFileReference section */
		CCF93F5023DC2B8100D5604A /* Index */ = {isa = PBXFileReference; explicitFileType = "compiled.mach-o.executable"; includeInIndex = 0; path = Index; sourceTree = BUILT_PRODUCTS_DIR; };
		CCF93F5323DC2B8100D5604A /* main.c */ = {isa = PBXFileReference; lastKnownFileType = sourcecode.c.c; path = main.c; sourceTree = "<group>"; };
		CCF93F5623DC2B8100D5604A /* Makefile */ = {isa = PBXFileReference; lastKnownFileType = sourcecode.make; path = Makefile; sourceTree = "<group>"; };
/* End PBXFileReference section */

/* Begin PBXGroup section */
		CCF93F4523DC2B8100D5604A = {
			isa = PBXGroup;
			children = (
				CCF93F5223DC2B8100D5604A /* LawnMower_MotherBoard */,
				CCF93F5123DC2B8100D5604A /* Products */,
			);
			sourceTree = "<group>";
		};
		CCF93F5123DC2B8100D5604A /* Products */ = {
			isa = PBXGroup;
			children = (
				CCF93F5023DC2B8100D5604A /* Index */,
			);
			name = Products;
			sourceTree = "<group>";
		};
		CCF93F5223DC2B8100D5604A /* LawnMower_MotherBoard */ = {
			isa = PBXGroup;
			children = (
				CCF93F5323DC2B8100D5604A /* main.c */,
				CCF93F5523DC2B8100D5604A /* Makefiles */,
			);
			path = LawnMower_MotherBoard;
			sourceTree = "<group>";
		};
		CCF93F5523DC2B8100D5604A /* Makefiles */ = {
			isa = PBXGroup;
			children = (
				CCF93F5623DC2B8100D5604A /* Makefile */,
			);
			name = Makefiles;
			sourceTree = "<group>";
		};
/* End PBXGroup section */

/* Begin PBXLegacyTarget section */
		CCF93F4A23DC2B8100D5604A /* All */ = {
			isa = PBXLegacyTarget;
			buildArgumentsString = "all -C \"$(PROJECT)\"";
			buildConfigurationList = CCF93F5923DC2B8100D5604A /* Build configuration list for PBXLegacyTarget "All" */;
			buildPhases = (
			);
			buildToolPath = make;
			dependencies = (
			);
			name = All;
			passBuildSettingsInEnvironment = 1;
			productName = All;
		};
		CCF93F4B23DC2B8100D5604A /* Build */ = {
			isa = PBXLegacyTarget;
			buildArgumentsString = "build -C \"$(PROJECT)\"";
			buildConfigurationList = CCF93F5C23DC2B8100D5604A /* Build configuration list for PBXLegacyTarget "Build" */;
			buildPhases = (
			);
			buildToolPath = make;
			dependencies = (
			);
			name = Build;
			passBuildSettingsInEnvironment = 1;
			productName = Build;
		};
		CCF93F4C23DC2B8100D5604A /* Upload */ = {
			isa = PBXLegacyTarget;
			buildArgumentsString = "program -C \"$(PROJECT)\"";
			buildConfigurationList = CCF93F5F23DC2B8100D5604A /* Build configuration list for PBXLegacyTarget "Upload" */;
			buildPhases = (
			);
			buildToolPath = make;
			dependencies = (
			);
			name = Upload;
			passBuildSettingsInEnvironment = 1;
			productName = Upload;
		};
		CCF93F4D23DC2B8100D5604A /* Clean */ = {
			isa = PBXLegacyTarget;
			buildArgumentsString = "clean -C \"$(PROJECT)\"";
			buildConfigurationList = CCF93F6223DC2B8100D5604A /* Build configuration list for PBXLegacyTarget "Clean" */;
			buildPhases = (
			);
			buildToolPath = make;
			dependencies = (
			);
			name = Clean;
			passBuildSettingsInEnvironment = 1;
			productName = Clean;
		};
/* End PBXLegacyTarget section */

/* Begin PBXNativeTarget section */
		CCF93F4F23DC2B8100D5604A /* Index */ = {
			isa = PBXNativeTarget;
			buildConfigurationList = CCF93F6523DC2B8100D5604A /* Build configuration list for PBXNativeTarget "Index" */;
			buildPhases = (
				CCF93F4E23DC2B8100D5604A /* Sources */,
			);
			buildRules = (
			);
			dependencies = (
			);
			name = Index;
			productName = Index;
			productReference = CCF93F5023DC2B8100D5604A /* Index */;
			productType = "com.apple.product-type.tool";
		};
/* End PBXNativeTarget section */

/* Begin PBXProject section */
		CCF93F4623DC2B8100D5604A /* Project object */ = {
			isa = PBXProject;
			attributes = {
				LastUpgradeCheck = 0720;
				ORGANIZATIONNAME = "morgan venandy";
				TargetAttributes = {
					CCF93F4A23DC2B8100D5604A = {
						CreatedOnToolsVersion = 7.2;
					};
					CCF93F4B23DC2B8100D5604A = {
						CreatedOnToolsVersion = 7.2;
					};
					CCF93F4C23DC2B8100D5604A = {
						CreatedOnToolsVersion = 7.2;
					};
					CCF93F4D23DC2B8100D5604A = {
						CreatedOnToolsVersion = 7.2;
					};
					CCF93F4F23DC2B8100D5604A = {
						CreatedOnToolsVersion = 7.2;
					};
				};
			};
			buildConfigurationList = CCF93F4923DC2B8100D5604A /* Build configuration list for PBXProject "LawnMower_MotherBoard" */;
			compatibilityVersion = "Xcode 6.3";
			developmentRegion = English;
			hasScannedForEncodings = 0;
			knownRegions = (
				en,
			);
			mainGroup = CCF93F4523DC2B8100D5604A;
			productRefGroup = CCF93F5123DC2B8100D5604A /* Products */;
			projectDirPath = "";
			projectRoot = "";
			targets = (
				CCF93F4A23DC2B8100D5604A /* All */,
				CCF93F4B23DC2B8100D5604A /* Build */,
				CCF93F4C23DC2B8100D5604A /* Upload */,
				CCF93F4D23DC2B8100D5604A /* Clean */,
				CCF93F4F23DC2B8100D5604A /* Index */,
			);
		};
/* End PBXProject section */

/* Begin PBXSourcesBuildPhase section */
		CCF93F4E23DC2B8100D5604A /* Sources */ = {
			isa = PBXSourcesBuildPhase;
			buildActionMask = 2147483647;
			files = (
				CCF93F5423DC2B8100D5604A /* main.c in Sources */,
			);
			runOnlyForDeploymentPostprocessing = 0;
		};
/* End PBXSourcesBuildPhase section */

/* Begin XCBuildConfiguration section */
		CCF93F5723DC2B8100D5604A /* Debug */ = {
			isa = XCBuildConfiguration;
			buildSettings = {
				ALWAYS_SEARCH_USER_PATHS = NO;
				CLANG_CXX_LANGUAGE_STANDARD = "gnu++0x";
				CLANG_CXX_LIBRARY = "libc++";
				CLANG_ENABLE_MODULES = YES;
				CLANG_ENABLE_OBJC_ARC = YES;
				CLANG_WARN_BOOL_CONVERSION = YES;
				CLANG_WARN_CONSTANT_CONVERSION = YES;
				CLANG_WARN_DIRECT_OBJC_ISA_USAGE = YES_ERROR;
				CLANG_WARN_EMPTY_BODY = YES;
				CLANG_WARN_ENUM_CONVERSION = YES;
				CLANG_WARN_INT_CONVERSION = YES;
				CLANG_WARN_OBJC_ROOT_CLASS = YES_ERROR;
				CLANG_WARN_UNREACHABLE_CODE = YES;
				CLANG_WARN__DUPLICATE_METHOD_MATCH = YES;
				COPY_PHASE_STRIP = NO;
				DEBUG_INFORMATION_FORMAT = dwarf;
				ENABLE_STRICT_OBJC_MSGSEND = YES;
				ENABLE_TESTABILITY = YES;
				GCC_C_LANGUAGE_STANDARD = gnu99;
				GCC_DYNAMIC_NO_PIC = NO;
				GCC_NO_COMMON_BLOCKS = YES;
				GCC_OPTIMIZATION_LEVEL = 0;
				GCC_PREPROCESSOR_DEFINITIONS = (
					"DEBUG=1,",
					"__AVR_ATmega328__,",
					"F_CPU=8000000",
				);
				GCC_WARN_64_TO_32_BIT_CONVERSION = YES;
				GCC_WARN_ABOUT_RETURN_TYPE = YES_ERROR;
				GCC_WARN_UNDECLARED_SELECTOR = YES;
				GCC_WARN_UNINITIALIZED_AUTOS = YES_AGGRESSIVE;
				GCC_WARN_UNUSED_FUNCTION = YES;
				GCC_WARN_UNUSED_VARIABLE = YES;
				HEADER_SEARCH_PATHS = (
					"/usr/local/CrossPack-AVR-20131216/lib/gcc/avr/4.8.1/include",
					"/usr/local/CrossPack-AVR-20131216/lib/gcc/avr/4.8.1/include-fixed",
					"/usr/local/CrossPack-AVR-20131216/avr/include",
				);
				MTL_ENABLE_DEBUG_INFO = YES;
				ONLY_ACTIVE_ARCH = YES;
				PATH = "$(PATH):$(PROJECT_DIR)";
				PRODUCT_NAME = "$(TARGET_NAME)";
			};
			name = Debug;
		};
		CCF93F5823DC2B8100D5604A /* Release */ = {
			isa = XCBuildConfiguration;
			buildSettings = {
				ALWAYS_SEARCH_USER_PATHS = NO;
				CLANG_CXX_LANGUAGE_STANDARD = "gnu++0x";
				CLANG_CXX_LIBRARY = "libc++";
				CLANG_ENABLE_MODULES = YES;
				CLANG_ENABLE_OBJC_ARC = YES;
				CLANG_WARN_BOOL_CONVERSION = YES;
				CLANG_WARN_CONSTANT_CONVERSION = YES;
				CLANG_WARN_DIRECT_OBJC_ISA_USAGE = YES_ERROR;
				CLANG_WARN_EMPTY_BODY = YES;
				CLANG_WARN_ENUM_CONVERSION = YES;
				CLANG_WARN_INT_CONVERSION = YES;
				CLANG_WARN_OBJC_ROOT_CLASS = YES_ERROR;
				CLANG_WARN_UNREACHABLE_CODE = YES;
				CLANG_WARN__DUPLICATE_METHOD_MATCH = YES;
				COPY_PHASE_STRIP = NO;
				DEBUG_INFORMATION_FORMAT = "dwarf-with-dsym";
				ENABLE_NS_ASSERTIONS = NO;
				ENABLE_STRICT_OBJC_MSGSEND = YES;
				GCC_C_LANGUAGE_STANDARD = gnu99;
				GCC_NO_COMMON_BLOCKS = YES;
				GCC_PREPROCESSOR_DEFINITIONS = (
					"__AVR_ATmega328__,",
					"F_CPU=8000000",
				);
				GCC_WARN_64_TO_32_BIT_CONVERSION = YES;
				GCC_WARN_ABOUT_RETURN_TYPE = YES_ERROR;
				GCC_WARN_UNDECLARED_SELECTOR = YES;
				GCC_WARN_UNINITIALIZED_AUTOS = YES_AGGRESSIVE;
				GCC_WARN_UNUSED_FUNCTION = YES;
				GCC_WARN_UNUSED_VARIABLE = YES;
				HEADER_SEARCH_PATHS = (
					"/usr/local/CrossPack-AVR-20131216/lib/gcc/avr/4.8.1/include",
					"/usr/local/CrossPack-AVR-20131216/lib/gcc/avr/4.8.1/include-fixed",
					"/usr/local/CrossPack-AVR-20131216/avr/include",
				);
				MTL_ENABLE_DEBUG_INFO = NO;
				PATH = "$(PATH):$(PROJECT_DIR)";
				PRODUCT_NAME = "$(TARGET_NAME)";
			};
			name = Release;
		};
		CCF93F5A23DC2B8100D5604A /* Debug */ = {
			isa = XCBuildConfiguration;
			buildSettings = {
				PRODUCT_NAME = "$(TARGET_NAME)";
			};
			name = Debug;
		};
		CCF93F5B23DC2B8100D5604A /* Release */ = {
			isa = XCBuildConfiguration;
			buildSettings = {
				PRODUCT_NAME = "$(TARGET_NAME)";
			};
			name = Release;
		};
		CCF93F5D23DC2B8100D5604A /* Debug */ = {
			isa = XCBuildConfiguration;
			buildSettings = {
			};
			name = Debug;
		};
		CCF93F5E23DC2B8100D5604A /* Release */ = {
			isa = XCBuildConfiguration;
			buildSettings = {
			};
			name = Release;
		};
		CCF93F6023DC2B8100D5604A /* Debug */ = {
			isa = XCBuildConfiguration;
			buildSettings = {
			};
			name = Debug;
		};
		CCF93F6123DC2B8100D5604A /* Release */ = {
			isa = XCBuildConfiguration;
			buildSettings = {
			};
			name = Release;
		};
		CCF93F6323DC2B8100D5604A /* Debug */ = {
			isa = XCBuildConfiguration;
			buildSettings = {
			};
			name = Debug;
		};
		CCF93F6423DC2B8100D5604A /* Release */ = {
			isa = XCBuildConfiguration;
			buildSettings = {
			};
			name = Release;
		};
		CCF93F6623DC2B8100D5604A /* Debug */ = {
			isa = XCBuildConfiguration;
			buildSettings = {
			};
			name = Debug;
		};
		CCF93F6723DC2B8100D5604A /* Release */ = {
			isa = XCBuildConfiguration;
			buildSettings = {
			};
			name = Release;
		};
/* End XCBuildConfiguration section */

/* Begin XCConfigurationList section */
		CCF93F4923DC2B8100D5604A /* Build configuration list for PBXProject "LawnMower_MotherBoard" */ = {
			isa = XCConfigurationList;
			buildConfigurations = (
				CCF93F5723DC2B8100D5604A /* Debug */,
				CCF93F5823DC2B8100D5604A /* Release */,
			);
			defaultConfigurationIsVisible = 0;
			defaultConfigurationName = Release;
		};
		CCF93F5923DC2B8100D5604A /* Build configuration list for PBXLegacyTarget "All" */ = {
			isa = XCConfigurationList;
			buildConfigurations = (
				CCF93F5A23DC2B8100D5604A /* Debug */,
				CCF93F5B23DC2B8100D5604A /* Release */,
			);
			defaultConfigurationIsVisible = 0;
		};
		CCF93F5C23DC2B8100D5604A /* Build configuration list for PBXLegacyTarget "Build" */ = {
			isa = XCConfigurationList;
			buildConfigurations = (
				CCF93F5D23DC2B8100D5604A /* Debug */,
				CCF93F5E23DC2B8100D5604A /* Release */,
			);
			defaultConfigurationIsVisible = 0;
		};
		CCF93F5F23DC2B8100D5604A /* Build configuration list for PBXLegacyTarget "Upload" */ = {
			isa = XCConfigurationList;
			buildConfigurations = (
				CCF93F6023DC2B8100D5604A /* Debug */,
				CCF93F6123DC2B8100D5604A /* Release */,
			);
			defaultConfigurationIsVisible = 0;
		};
		CCF93F6223DC2B8100D5604A /* Build configuration list for PBXLegacyTarget "Clean" */ = {
			isa = XCConfigurationList;
			buildConfigurations = (
				CCF93F6323DC2B8100D5604A /* Debug */,
				CCF93F6423DC2B8100D5604A /* Release */,
			);
			defaultConfigurationIsVisible = 0;
		};
		CCF93F6523DC2B8100D5604A /* Build configuration list for PBXNativeTarget "Index" */ = {
			isa = XCConfigurationList;
			buildConfigurations = (
				CCF93F6623DC2B8100D5604A /* Debug */,
				CCF93F6723DC2B8100D5604A /* Release */,
			);
			defaultConfigurationIsVisible = 0;
		};
/* End XCConfigurationList section */
	};
	rootObject = CCF93F4623DC2B8100D5604A /* Project object */;
}
